
Microsoft Visual Studio Solution File, Format Version 12.00
# Visual Studio Version 16
VisualStudioVersion = 16.0.30503.244
MinimumVisualStudioVersion = 10.0.40219.1
Project("{FAE04EC0-301F-11D3-BF4B-00C04F79EFBC}") = "lb_12_bd", "lb_12_bd\lb_12_bd.csproj", "{98D59BDD-A547-4D69-9B0D-04AA300913B7}"
EndProject
Global
	GlobalSection(SolutionConfigurationPlatforms) = preSolution
		Debug|Any CPU = Debug|Any CPU
		Release|Any CPU = Release|Any CPU
	EndGlobalSection
	GlobalSection(ProjectConfigurationPlatforms) = postSolution
		{98D59BDD-A547-4D69-9B0D-04AA300913B7}.Debug|Any CPU.ActiveCfg = Debug|Any CPU
		{98D59BDD-A547-4D69-9B0D-04AA300913B7}.Debug|Any CPU.Build.0 = Debug|Any CPU
		{98D59BDD-A547-4D69-9B0D-04AA300913B7}.Release|Any CPU.ActiveCfg = Release|Any CPU
		{98D59BDD-A547-4D69-9B0D-04AA300913B7}.Release|Any CPU.Build.0 = Release|Any CPU
	EndGlobalSection
	GlobalSection(SolutionProperties) = preSolution
		HideSolutionNode = FALSE
	EndGlobalSection
	GlobalSection(ExtensibilityGlobals) = postSolution
		SolutionGuid = {B272DB13-2788-47DD-A731-41C3FDB76685}
	EndGlobalSection
EndGlobal
